
Microsoft Visual Studio Solution File, Format Version 12.00
# Visual Studio 14
VisualStudioVersion = 14.0.25420.1
MinimumVisualStudioVersion = 10.0.40219.1
Project("{8BB2217D-0F2D-49D1-97BC-3654ED321F3B}") = "Smooth.IoC.Dapper.Repository.UnitOfWork", "src\Smooth.IoC.Dapper.Repository.UnitOfWork\Smooth.IoC.Dapper.Repository.UnitOfWork.xproj", "{E6550DC7-FC02-4B12-A7B5-DDB684A7760A}"
EndProject
Project("{8BB2217D-0F2D-49D1-97BC-3654ED321F3B}") = "Smooth.IoC.Dapper.Repository.UnitOfWork.Castle", "src\Smooth.IoC.Dapper.Repository.UnitOfWork.Castle\Smooth.IoC.Dapper.Repository.UnitOfWork.Castle.xproj", "{B7372E4D-C0B1-4230-A11C-B09739CC1E1A}"
EndProject
Project("{8BB2217D-0F2D-49D1-97BC-3654ED321F3B}") = "Smooth.IoC.Dapper.Repository.UnitOfWork.Tests", "src\Smooth.IoC.Dapper.Repository.UnitOfWork.Tests\Smooth.IoC.Dapper.Repository.UnitOfWork.Tests.xproj", "{508A8FD8-EFB9-4643-A7D2-F0D36182CF39}"
EndProject
Project("{2150E333-8FDC-42A3-9474-1A3956D46DE8}") = "Solution Items", "Solution Items", "{C08F9BD6-CCD6-4BC3-955F-6EE14DE3C8E5}"
	ProjectSection(SolutionItems) = preProject
		MyGet.include.ps1 = MyGet.include.ps1
		MyGet.ps1 = MyGet.ps1
		NuGetSpecs\Smooth.IoC.Dapper.Repository.UnitOfWork.nuspec = NuGetSpecs\Smooth.IoC.Dapper.Repository.UnitOfWork.nuspec
	EndProjectSection
EndProject
Global
	GlobalSection(SolutionConfigurationPlatforms) = preSolution
		Debug|Any CPU = Debug|Any CPU
		Release|Any CPU = Release|Any CPU
	EndGlobalSection
	GlobalSection(ProjectConfigurationPlatforms) = postSolution
		{E6550DC7-FC02-4B12-A7B5-DDB684A7760A}.Debug|Any CPU.ActiveCfg = Debug|Any CPU
		{E6550DC7-FC02-4B12-A7B5-DDB684A7760A}.Debug|Any CPU.Build.0 = Debug|Any CPU
		{E6550DC7-FC02-4B12-A7B5-DDB684A7760A}.Release|Any CPU.ActiveCfg = Release|Any CPU
		{E6550DC7-FC02-4B12-A7B5-DDB684A7760A}.Release|Any CPU.Build.0 = Release|Any CPU
		{B7372E4D-C0B1-4230-A11C-B09739CC1E1A}.Debug|Any CPU.ActiveCfg = Debug|Any CPU
		{B7372E4D-C0B1-4230-A11C-B09739CC1E1A}.Debug|Any CPU.Build.0 = Debug|Any CPU
		{B7372E4D-C0B1-4230-A11C-B09739CC1E1A}.Release|Any CPU.ActiveCfg = Release|Any CPU
		{B7372E4D-C0B1-4230-A11C-B09739CC1E1A}.Release|Any CPU.Build.0 = Release|Any CPU
		{508A8FD8-EFB9-4643-A7D2-F0D36182CF39}.Debug|Any CPU.ActiveCfg = Debug|Any CPU
		{508A8FD8-EFB9-4643-A7D2-F0D36182CF39}.Debug|Any CPU.Build.0 = Debug|Any CPU
		{508A8FD8-EFB9-4643-A7D2-F0D36182CF39}.Release|Any CPU.ActiveCfg = Release|Any CPU
		{508A8FD8-EFB9-4643-A7D2-F0D36182CF39}.Release|Any CPU.Build.0 = Release|Any CPU
	EndGlobalSection
	GlobalSection(SolutionProperties) = preSolution
		HideSolutionNode = FALSE
	EndGlobalSection
EndGlobal
